
Microsoft Visual Studio Solution File, Format Version 12.00
# Visual Studio 2017
Project("{FAE04EC0-301F-11D3-BF4B-00C04F79EFBC}") = "Better Tracking.Editor", "Better Tracking.Editor.csproj", "{0B886B40-281F-539F-4C4D-8216A8180BFB}"
EndProject
Global
	GlobalSection(SolutionConfigurationPlatforms) = preSolution
		Debug|Any CPU = Debug|Any CPU
		Release|Any CPU = Release|Any CPU
	EndGlobalSection
	GlobalSection(ProjectConfigurationPlatforms) = postSolution
		{0B886B40-281F-539F-4C4D-8216A8180BFB}.Debug|Any CPU.ActiveCfg = Debug|Any CPU
		{0B886B40-281F-539F-4C4D-8216A8180BFB}.Debug|Any CPU.Build.0 = Debug|Any CPU
		{0B886B40-281F-539F-4C4D-8216A8180BFB}.Release|Any CPU.ActiveCfg = Release|Any CPU
		{0B886B40-281F-539F-4C4D-8216A8180BFB}.Release|Any CPU.Build.0 = Release|Any CPU
	EndGlobalSection
	GlobalSection(SolutionProperties) = preSolution
		HideSolutionNode = FALSE
	EndGlobalSection
EndGlobal
